
Microsoft Visual Studio Solution File, Format Version 12.00
# Visual Studio Version 17
VisualStudioVersion = 17.14.37012.4 d17.14
MinimumVisualStudioVersion = 10.0.40219.1
Project("{FAE04EC0-301F-11D3-BF4B-00C04F79EFBC}") = "LoginAuth", "LoginAuth\LoginAuth.csproj", "{9C7CDB16-8DA7-40B8-BD03-97EBAF31A21A}"
EndProject
Global
	GlobalSection(SolutionConfigurationPlatforms) = preSolution
		Debug|Any CPU = Debug|Any CPU
		Release|Any CPU = Release|Any CPU
	EndGlobalSection
	GlobalSection(ProjectConfigurationPlatforms) = postSolution
		{9C7CDB16-8DA7-40B8-BD03-97EBAF31A21A}.Debug|Any CPU.ActiveCfg = Debug|Any CPU
		{9C7CDB16-8DA7-40B8-BD03-97EBAF31A21A}.Debug|Any CPU.Build.0 = Debug|Any CPU
		{9C7CDB16-8DA7-40B8-BD03-97EBAF31A21A}.Release|Any CPU.ActiveCfg = Release|Any CPU
		{9C7CDB16-8DA7-40B8-BD03-97EBAF31A21A}.Release|Any CPU.Build.0 = Release|Any CPU
	EndGlobalSection
	GlobalSection(SolutionProperties) = preSolution
		HideSolutionNode = FALSE
	EndGlobalSection
	GlobalSection(ExtensibilityGlobals) = postSolution
		SolutionGuid = {E137D284-D35B-47A2-BAC0-9294B8405F3B}
	EndGlobalSection
EndGlobal
